// !$*UTF8*$!
{
	archiveVersion = 1;
	classes = {
	};
	objectVersion = 55;
	objects = {

/* Begin PBXBuildFile section */
		BD4BF1E3286CC6990009CBC9 /* nameViewController.swift in Sources */ = {isa = PBXBuildFile; fileRef = BD4BF1E2286CC6990009CBC9 /* nameViewController.swift */; };
		BD4BF1E5286CD2380009CBC9 /* practiceDesignApp.storyboard in Resources */ = {isa = PBXBuildFile; fileRef = BD4BF1E4286CD2380009CBC9 /* practiceDesignApp.storyboard */; };
		BD652813286B8C18002DC737 /* BarControlViewController.swift in Sources */ = {isa = PBXBuildFile; fileRef = BD652812286B8C18002DC737 /* BarControlViewController.swift */; };
		BD652815286B95FF002DC737 /* questionViewController.swift in Sources */ = {isa = PBXBuildFile; fileRef = BD652814286B95FF002DC737 /* questionViewController.swift */; };
		BD652817286B966E002DC737 /* barViewController.swift in Sources */ = {isa = PBXBuildFile; fileRef = BD652816286B966E002DC737 /* barViewController.swift */; };
		BDB0F310286B5114009AA2B0 /* AppDelegate.swift in Sources */ = {isa = PBXBuildFile; fileRef = BDB0F30F286B5114009AA2B0 /* AppDelegate.swift */; };
		BDB0F312286B5114009AA2B0 /* SceneDelegate.swift in Sources */ = {isa = PBXBuildFile; fileRef = BDB0F311286B5114009AA2B0 /* SceneDelegate.swift */; };
		BDB0F314286B5114009AA2B0 /* ViewController.swift in Sources */ = {isa = PBXBuildFile; fileRef = BDB0F313286B5114009AA2B0 /* ViewController.swift */; };
		BDB0F317286B5114009AA2B0 /* Main.storyboard in Resources */ = {isa = PBXBuildFile; fileRef = BDB0F315286B5114009AA2B0 /* Main.storyboard */; };
		BDB0F31A286B5114009AA2B0 /* gitHubPartner.xcdatamodeld in Sources */ = {isa = PBXBuildFile; fileRef = BDB0F318286B5114009AA2B0 /* gitHubPartner.xcdatamodeld */; };
		BDB0F31C286B5115009AA2B0 /* Assets.xcassets in Resources */ = {isa = PBXBuildFile; fileRef = BDB0F31B286B5115009AA2B0 /* Assets.xcassets */; };
		BDB0F31F286B5115009AA2B0 /* LaunchScreen.storyboard in Resources */ = {isa = PBXBuildFile; fileRef = BDB0F31D286B5115009AA2B0 /* LaunchScreen.storyboard */; };
		BDB0F327286B5EF6009AA2B0 /* NewViewController.swift in Sources */ = {isa = PBXBuildFile; fileRef = BDB0F326286B5EF6009AA2B0 /* NewViewController.swift */; };
		BDB0F329286B5F70009AA2B0 /* secondViewController.swift in Sources */ = {isa = PBXBuildFile; fileRef = BDB0F328286B5F70009AA2B0 /* secondViewController.swift */; };
/* End PBXBuildFile section */

/* Begin PBXFileReference section */
		BD4BF1E2286CC6990009CBC9 /* nameViewController.swift */ = {isa = PBXFileReference; lastKnownFileType = sourcecode.swift; path = nameViewController.swift; sourceTree = "<group>"; };
		BD4BF1E4286CD2380009CBC9 /* practiceDesignApp.storyboard */ = {isa = PBXFileReference; fileEncoding = 4; lastKnownFileType = file.storyboard; name = practiceDesignApp.storyboard; path = ../../Documents/practiceDesignApp.storyboard; sourceTree = "<group>"; };
		BD652812286B8C18002DC737 /* BarControlViewController.swift */ = {isa = PBXFileReference; lastKnownFileType = sourcecode.swift; path = BarControlViewController.swift; sourceTree = "<group>"; };
		BD652814286B95FF002DC737 /* questionViewController.swift */ = {isa = PBXFileReference; lastKnownFileType = sourcecode.swift; path = questionViewController.swift; sourceTree = "<group>"; };
		BD652816286B966E002DC737 /* barViewController.swift */ = {isa = PBXFileReference; lastKnownFileType = sourcecode.swift; path = barViewController.swift; sourceTree = "<group>"; };
		BDB0F30C286B5114009AA2B0 /* gitHubPartner.app */ = {isa = PBXFileReference; explicitFileType = wrapper.application; includeInIndex = 0; path = gitHubPartner.app; sourceTree = BUILT_PRODUCTS_DIR; };
		BDB0F30F286B5114009AA2B0 /* AppDelegate.swift */ = {isa = PBXFileReference; lastKnownFileType = sourcecode.swift; path = AppDelegate.swift; sourceTree = "<group>"; };
		BDB0F311286B5114009AA2B0 /* SceneDelegate.swift */ = {isa = PBXFileReference; lastKnownFileType = sourcecode.swift; path = SceneDelegate.swift; sourceTree = "<group>"; };
		BDB0F313286B5114009AA2B0 /* ViewController.swift */ = {isa = PBXFileReference; lastKnownFileType = sourcecode.swift; path = ViewController.swift; sourceTree = "<group>"; };
		BDB0F316286B5114009AA2B0 /* Base */ = {isa = PBXFileReference; lastKnownFileType = file.storyboard; name = Base; path = Base.lproj/Main.storyboard; sourceTree = "<group>"; };
		BDB0F319286B5114009AA2B0 /* gitHubPartner.xcdatamodel */ = {isa = PBXFileReference; lastKnownFileType = wrapper.xcdatamodel; path = gitHubPartner.xcdatamodel; sourceTree = "<group>"; };
		BDB0F31B286B5115009AA2B0 /* Assets.xcassets */ = {isa = PBXFileReference; lastKnownFileType = folder.assetcatalog; path = Assets.xcassets; sourceTree = "<group>"; };
		BDB0F31E286B5115009AA2B0 /* Base */ = {isa = PBXFileReference; lastKnownFileType = file.storyboard; name = Base; path = Base.lproj/LaunchScreen.storyboard; sourceTree = "<group>"; };
		BDB0F320286B5115009AA2B0 /* Info.plist */ = {isa = PBXFileReference; lastKnownFileType = text.plist.xml; path = Info.plist; sourceTree = "<group>"; };
		BDB0F326286B5EF6009AA2B0 /* NewViewController.swift */ = {isa = PBXFileReference; lastKnownFileType = sourcecode.swift; path = NewViewController.swift; sourceTree = "<group>"; };
		BDB0F328286B5F70009AA2B0 /* secondViewController.swift */ = {isa = PBXFileReference; lastKnownFileType = sourcecode.swift; path = secondViewController.swift; sourceTree = "<group>"; };
/* End PBXFileReference section */

/* Begin PBXFrameworksBuildPhase section */
		BDB0F309286B5114009AA2B0 /* Frameworks */ = {
			isa = PBXFrameworksBuildPhase;
			buildActionMask = 2147483647;
			files = (
			);
			runOnlyForDeploymentPostprocessing = 0;
		};
/* End PBXFrameworksBuildPhase section */

/* Begin PBXGroup section */
		BDB0F303286B5114009AA2B0 = {
			isa = PBXGroup;
			children = (
				BD4BF1E4286CD2380009CBC9 /* practiceDesignApp.storyboard */,
				BDB0F30E286B5114009AA2B0 /* gitHubPartner */,
				BDB0F30D286B5114009AA2B0 /* Products */,
			);
			sourceTree = "<group>";
		};
		BDB0F30D286B5114009AA2B0 /* Products */ = {
			isa = PBXGroup;
			children = (
				BDB0F30C286B5114009AA2B0 /* gitHubPartner.app */,
			);
			name = Products;
			sourceTree = "<group>";
		};
		BDB0F30E286B5114009AA2B0 /* gitHubPartner */ = {
			isa = PBXGroup;
			children = (
				BDB0F30F286B5114009AA2B0 /* AppDelegate.swift */,
				BDB0F311286B5114009AA2B0 /* SceneDelegate.swift */,
				BDB0F313286B5114009AA2B0 /* ViewController.swift */,
				BDB0F315286B5114009AA2B0 /* Main.storyboard */,
				BD4BF1E2286CC6990009CBC9 /* nameViewController.swift */,
				BD652816286B966E002DC737 /* barViewController.swift */,
				BD652814286B95FF002DC737 /* questionViewController.swift */,
				BD652812286B8C18002DC737 /* BarControlViewController.swift */,
				BDB0F328286B5F70009AA2B0 /* secondViewController.swift */,
				BDB0F326286B5EF6009AA2B0 /* NewViewController.swift */,
				BDB0F31B286B5115009AA2B0 /* Assets.xcassets */,
				BDB0F31D286B5115009AA2B0 /* LaunchScreen.storyboard */,
				BDB0F320286B5115009AA2B0 /* Info.plist */,
				BDB0F318286B5114009AA2B0 /* gitHubPartner.xcdatamodeld */,
			);
			path = gitHubPartner;
			sourceTree = "<group>";
		};
/* End PBXGroup section */

/* Begin PBXNativeTarget section */
		BDB0F30B286B5114009AA2B0 /* gitHubPartner */ = {
			isa = PBXNativeTarget;
			buildConfigurationList = BDB0F323286B5115009AA2B0 /* Build configuration list for PBXNativeTarget "gitHubPartner" */;
			buildPhases = (
				BDB0F308286B5114009AA2B0 /* Sources */,
				BDB0F309286B5114009AA2B0 /* Frameworks */,
				BDB0F30A286B5114009AA2B0 /* Resources */,
			);
			buildRules = (
			);
			dependencies = (
			);
			name = gitHubPartner;
			productName = gitHubPartner;
			productReference = BDB0F30C286B5114009AA2B0 /* gitHubPartner.app */;
			productType = "com.apple.product-type.application";
		};
/* End PBXNativeTarget section */

/* Begin PBXProject section */
		BDB0F304286B5114009AA2B0 /* Project object */ = {
			isa = PBXProject;
			attributes = {
				BuildIndependentTargetsInParallel = 1;
				LastSwiftUpdateCheck = 1340;
				LastUpgradeCheck = 1340;
				TargetAttributes = {
					BDB0F30B286B5114009AA2B0 = {
						CreatedOnToolsVersion = 13.4.1;
					};
				};
			};
			buildConfigurationList = BDB0F307286B5114009AA2B0 /* Build configuration list for PBXProject "gitHubPartner" */;
			compatibilityVersion = "Xcode 13.0";
			developmentRegion = en;
			hasScannedForEncodings = 0;
			knownRegions = (
				en,
				Base,
			);
			mainGroup = BDB0F303286B5114009AA2B0;
			productRefGroup = BDB0F30D286B5114009AA2B0 /* Products */;
			projectDirPath = "";
			projectRoot = "";
			targets = (
				BDB0F30B286B5114009AA2B0 /* gitHubPartner */,
			);
		};
/* End PBXProject section */

/* Begin PBXResourcesBuildPhase section */
		BDB0F30A286B5114009AA2B0 /* Resources */ = {
			isa = PBXResourcesBuildPhase;
			buildActionMask = 2147483647;
			files = (
				BDB0F31F286B5115009AA2B0 /* LaunchScreen.storyboard in Resources */,
				BD4BF1E5286CD2380009CBC9 /* practiceDesignApp.storyboard in Resources */,
				BDB0F31C286B5115009AA2B0 /* Assets.xcassets in Resources */,
				BDB0F317286B5114009AA2B0 /* Main.storyboard in Resources */,
			);
			runOnlyForDeploymentPostprocessing = 0;
		};
/* End PBXResourcesBuildPhase section */

/* Begin PBXSourcesBuildPhase section */
		BDB0F308286B5114009AA2B0 /* Sources */ = {
			isa = PBXSourcesBuildPhase;
			buildActionMask = 2147483647;
			files = (
				BDB0F314286B5114009AA2B0 /* ViewController.swift in Sources */,
				BDB0F31A286B5114009AA2B0 /* gitHubPartner.xcdatamodeld in Sources */,
				BDB0F327286B5EF6009AA2B0 /* NewViewController.swift in Sources */,
				BD652813286B8C18002DC737 /* BarControlViewController.swift in Sources */,
				BDB0F310286B5114009AA2B0 /* AppDelegate.swift in Sources */,
				BDB0F329286B5F70009AA2B0 /* secondViewController.swift in Sources */,
				BD652815286B95FF002DC737 /* questionViewController.swift in Sources */,
				BD4BF1E3286CC6990009CBC9 /* nameViewController.swift in Sources */,
				BDB0F312286B5114009AA2B0 /* SceneDelegate.swift in Sources */,
				BD652817286B966E002DC737 /* barViewController.swift in Sources */,
			);
			runOnlyForDeploymentPostprocessing = 0;
		};
/* End PBXSourcesBuildPhase section */

/* Begin PBXVariantGroup section */
		BDB0F315286B5114009AA2B0 /* Main.storyboard */ = {
			isa = PBXVariantGroup;
			children = (
				BDB0F316286B5114009AA2B0 /* Base */,
			);
			name = Main.storyboard;
			sourceTree = "<group>";
		};
		BDB0F31D286B5115009AA2B0 /* LaunchScreen.storyboard */ = {
			isa = PBXVariantGroup;
			children = (
				BDB0F31E286B5115009AA2B0 /* Base */,
			);
			name = LaunchScreen.storyboard;
			sourceTree = "<group>";
		};
/* End PBXVariantGroup section */

/* Begin XCBuildConfiguration section */
		BDB0F321286B5115009AA2B0 /* Debug */ = {
			isa = XCBuildConfiguration;
			buildSettings = {
				ALWAYS_SEARCH_USER_PATHS = NO;
				CLANG_ANALYZER_NONNULL = YES;
				CLANG_ANALYZER_NUMBER_OBJECT_CONVERSION = YES_AGGRESSIVE;
				CLANG_CXX_LANGUAGE_STANDARD = "gnu++17";
				CLANG_ENABLE_MODULES = YES;
				CLANG_ENABLE_OBJC_ARC = YES;
				CLANG_ENABLE_OBJC_WEAK = YES;
				CLANG_WARN_BLOCK_CAPTURE_AUTORELEASING = YES;
				CLANG_WARN_BOOL_CONVERSION = YES;
				CLANG_WARN_COMMA = YES;
				CLANG_WARN_CONSTANT_CONVERSION = YES;
				CLANG_WARN_DEPRECATED_OBJC_IMPLEMENTATIONS = YES;
				CLANG_WARN_DIRECT_OBJC_ISA_USAGE = YES_ERROR;
				CLANG_WARN_DOCUMENTATION_COMMENTS = YES;
				CLANG_WARN_EMPTY_BODY = YES;
				CLANG_WARN_ENUM_CONVERSION = YES;
				CLANG_WARN_INFINITE_RECURSION = YES;
				CLANG_WARN_INT_CONVERSION = YES;
				CLANG_WARN_NON_LITERAL_NULL_CONVERSION = YES;
				CLANG_WARN_OBJC_IMPLICIT_RETAIN_SELF = YES;
				CLANG_WARN_OBJC_LITERAL_CONVERSION = YES;
				CLANG_WARN_OBJC_ROOT_CLASS = YES_ERROR;
				CLANG_WARN_QUOTED_INCLUDE_IN_FRAMEWORK_HEADER = YES;
				CLANG_WARN_RANGE_LOOP_ANALYSIS = YES;
				CLANG_WARN_STRICT_PROTOTYPES = YES;
				CLANG_WARN_SUSPICIOUS_MOVE = YES;
				CLANG_WARN_UNGUARDED_AVAILABILITY = YES_AGGRESSIVE;
				CLANG_WARN_UNREACHABLE_CODE = YES;
				CLANG_WARN__DUPLICATE_METHOD_MATCH = YES;
				COPY_PHASE_STRIP = NO;
				DEBUG_INFORMATION_FORMAT = dwarf;
				ENABLE_STRICT_OBJC_MSGSEND = YES;
				ENABLE_TESTABILITY = YES;
				GCC_C_LANGUAGE_STANDARD = gnu11;
				GCC_DYNAMIC_NO_PIC = NO;
				GCC_NO_COMMON_BLOCKS = YES;
				GCC_OPTIMIZATION_LEVEL = 0;
				GCC_PREPROCESSOR_DEFINITIONS = (
					"DEBUG=1",
					"$(inherited)",
				);
				GCC_WARN_64_TO_32_BIT_CONVERSION = YES;
				GCC_WARN_ABOUT_RETURN_TYPE = YES_ERROR;
				GCC_WARN_UNDECLARED_SELECTOR = YES;
				GCC_WARN_UNINITIALIZED_AUTOS = YES_AGGRESSIVE;
				GCC_WARN_UNUSED_FUNCTION = YES;
				GCC_WARN_UNUSED_VARIABLE = YES;
				IPHONEOS_DEPLOYMENT_TARGET = 15.5;
				MTL_ENABLE_DEBUG_INFO = INCLUDE_SOURCE;
				MTL_FAST_MATH = YES;
				ONLY_ACTIVE_ARCH = YES;
				SDKROOT = iphoneos;
				SWIFT_ACTIVE_COMPILATION_CONDITIONS = DEBUG;
				SWIFT_OPTIMIZATION_LEVEL = "-Onone";
			};
			name = Debug;
		};
		BDB0F322286B5115009AA2B0 /* Release */ = {
			isa = XCBuildConfiguration;
			buildSettings = {
				ALWAYS_SEARCH_USER_PATHS = NO;
				CLANG_ANALYZER_NONNULL = YES;
				CLANG_ANALYZER_NUMBER_OBJECT_CONVERSION = YES_AGGRESSIVE;
				CLANG_CXX_LANGUAGE_STANDARD = "gnu++17";
				CLANG_ENABLE_MODULES = YES;
				CLANG_ENABLE_OBJC_ARC = YES;
				CLANG_ENABLE_OBJC_WEAK = YES;
				CLANG_WARN_BLOCK_CAPTURE_AUTORELEASING = YES;
				CLANG_WARN_BOOL_CONVERSION = YES;
				CLANG_WARN_COMMA = YES;
				CLANG_WARN_CONSTANT_CONVERSION = YES;
				CLANG_WARN_DEPRECATED_OBJC_IMPLEMENTATIONS = YES;
				CLANG_WARN_DIRECT_OBJC_ISA_USAGE = YES_ERROR;
				CLANG_WARN_DOCUMENTATION_COMMENTS = YES;
				CLANG_WARN_EMPTY_BODY = YES;
				CLANG_WARN_ENUM_CONVERSION = YES;
				CLANG_WARN_INFINITE_RECURSION = YES;
				CLANG_WARN_INT_CONVERSION = YES;
				CLANG_WARN_NON_LITERAL_NULL_CONVERSION = YES;
				CLANG_WARN_OBJC_IMPLICIT_RETAIN_SELF = YES;
				CLANG_WARN_OBJC_LITERAL_CONVERSION = YES;
				CLANG_WARN_OBJC_ROOT_CLASS = YES_ERROR;
				CLANG_WARN_QUOTED_INCLUDE_IN_FRAMEWORK_HEADER = YES;
				CLANG_WARN_RANGE_LOOP_ANALYSIS = YES;
				CLANG_WARN_STRICT_PROTOTYPES = YES;
				CLANG_WARN_SUSPICIOUS_MOVE = YES;
				CLANG_WARN_UNGUARDED_AVAILABILITY = YES_AGGRESSIVE;
				CLANG_WARN_UNREACHABLE_CODE = YES;
				CLANG_WARN__DUPLICATE_METHOD_MATCH = YES;
				COPY_PHASE_STRIP = NO;
				DEBUG_INFORMATION_FORMAT = "dwarf-with-dsym";
				ENABLE_NS_ASSERTIONS = NO;
				ENABLE_STRICT_OBJC_MSGSEND = YES;
				GCC_C_LANGUAGE_STANDARD = gnu11;
				GCC_NO_COMMON_BLOCKS = YES;
				GCC_WARN_64_TO_32_BIT_CONVERSION = YES;
				GCC_WARN_ABOUT_RETURN_TYPE = YES_ERROR;
				GCC_WARN_UNDECLARED_SELECTOR = YES;
				GCC_WARN_UNINITIALIZED_AUTOS = YES_AGGRESSIVE;
				GCC_WARN_UNUSED_FUNCTION = YES;
				GCC_WARN_UNUSED_VARIABLE = YES;
				IPHONEOS_DEPLOYMENT_TARGET = 15.5;
				MTL_ENABLE_DEBUG_INFO = NO;
				MTL_FAST_MATH = YES;
				SDKROOT = iphoneos;
				SWIFT_COMPILATION_MODE = wholemodule;
				SWIFT_OPTIMIZATION_LEVEL = "-O";
				VALIDATE_PRODUCT = YES;
			};
			name = Release;
		};
		BDB0F324286B5115009AA2B0 /* Debug */ = {
			isa = XCBuildConfiguration;
			buildSettings = {
				ASSETCATALOG_COMPILER_APPICON_NAME = AppIcon;
				ASSETCATALOG_COMPILER_GLOBAL_ACCENT_COLOR_NAME = AccentColor;
				CODE_SIGN_STYLE = Automatic;
				CURRENT_PROJECT_VERSION = 1;
				DEVELOPMENT_TEAM = 3CCTF2ZUR9;
				GENERATE_INFOPLIST_FILE = YES;
				INFOPLIST_FILE = gitHubPartner/Info.plist;
				INFOPLIST_KEY_UIApplicationSupportsIndirectInputEvents = YES;
				INFOPLIST_KEY_UILaunchStoryboardName = LaunchScreen;
				INFOPLIST_KEY_UIMainStoryboardFile = Main;
				INFOPLIST_KEY_UISupportedInterfaceOrientations_iPad = "UIInterfaceOrientationPortrait UIInterfaceOrientationPortraitUpsideDown UIInterfaceOrientationLandscapeLeft UIInterfaceOrientationLandscapeRight";
				INFOPLIST_KEY_UISupportedInterfaceOrientations_iPhone = "UIInterfaceOrientationPortrait UIInterfaceOrientationLandscapeLeft UIInterfaceOrientationLandscapeRight";
				LD_RUNPATH_SEARCH_PATHS = (
					"$(inherited)",
					"@executable_path/Frameworks",
				);
				MARKETING_VERSION = 1.0;
				PRODUCT_BUNDLE_IDENTIFIER = KWK.gitHubPartner123;
				PRODUCT_NAME = "$(TARGET_NAME)";
				SWIFT_EMIT_LOC_STRINGS = YES;
				SWIFT_VERSION = 5.0;
				TARGETED_DEVICE_FAMILY = "1,2";
			};
			name = Debug;
		};
		BDB0F325286B5115009AA2B0 /* Release */ = {
			isa = XCBuildConfiguration;
			buildSettings = {
				ASSETCATALOG_COMPILER_APPICON_NAME = AppIcon;
				ASSETCATALOG_COMPILER_GLOBAL_ACCENT_COLOR_NAME = AccentColor;
				CODE_SIGN_STYLE = Automatic;
				CURRENT_PROJECT_VERSION = 1;
				DEVELOPMENT_TEAM = 3CCTF2ZUR9;
				GENERATE_INFOPLIST_FILE = YES;
				INFOPLIST_FILE = gitHubPartner/Info.plist;
				INFOPLIST_KEY_UIApplicationSupportsIndirectInputEvents = YES;
				INFOPLIST_KEY_UILaunchStoryboardName = LaunchScreen;
				INFOPLIST_KEY_UIMainStoryboardFile = Main;
				INFOPLIST_KEY_UISupportedInterfaceOrientations_iPad = "UIInterfaceOrientationPortrait UIInterfaceOrientationPortraitUpsideDown UIInterfaceOrientationLandscapeLeft UIInterfaceOrientationLandscapeRight";
				INFOPLIST_KEY_UISupportedInterfaceOrientations_iPhone = "UIInterfaceOrientationPortrait UIInterfaceOrientationLandscapeLeft UIInterfaceOrientationLandscapeRight";
				LD_RUNPATH_SEARCH_PATHS = (
					"$(inherited)",
					"@executable_path/Frameworks",
				);
				MARKETING_VERSION = 1.0;
				PRODUCT_BUNDLE_IDENTIFIER = KWK.gitHubPartner123;
				PRODUCT_NAME = "$(TARGET_NAME)";
				SWIFT_EMIT_LOC_STRINGS = YES;
				SWIFT_VERSION = 5.0;
				TARGETED_DEVICE_FAMILY = "1,2";
			};
			name = Release;
		};
/* End XCBuildConfiguration section */

/* Begin XCConfigurationList section */
		BDB0F307286B5114009AA2B0 /* Build configuration list for PBXProject "gitHubPartner" */ = {
			isa = XCConfigurationList;
			buildConfigurations = (
				BDB0F321286B5115009AA2B0 /* Debug */,
				BDB0F322286B5115009AA2B0 /* Release */,
			);
			defaultConfigurationIsVisible = 0;
			defaultConfigurationName = Release;
		};
		BDB0F323286B5115009AA2B0 /* Build configuration list for PBXNativeTarget "gitHubPartner" */ = {
			isa = XCConfigurationList;
			buildConfigurations = (
				BDB0F324286B5115009AA2B0 /* Debug */,
				BDB0F325286B5115009AA2B0 /* Release */,
			);
			defaultConfigurationIsVisible = 0;
			defaultConfigurationName = Release;
		};
/* End XCConfigurationList section */

/* Begin XCVersionGroup section */
		BDB0F318286B5114009AA2B0 /* gitHubPartner.xcdatamodeld */ = {
			isa = XCVersionGroup;
			children = (
				BDB0F319286B5114009AA2B0 /* gitHubPartner.xcdatamodel */,
			);
			currentVersion = BDB0F319286B5114009AA2B0 /* gitHubPartner.xcdatamodel */;
			path = gitHubPartner.xcdatamodeld;
			sourceTree = "<group>";
			versionGroupType = wrapper.xcdatamodel;
		};
/* End XCVersionGroup section */
	};
	rootObject = BDB0F304286B5114009AA2B0 /* Project object */;
}
